
Microsoft Visual Studio Solution File, Format Version 12.00
# Visual Studio 15
VisualStudioVersion = 15.0.27703.2000
MinimumVisualStudioVersion = 10.0.40219.1
Project("{FAE04EC0-301F-11D3-BF4B-00C04F79EFBC}") = "GameConsole", "GameConsole\GameConsole.csproj", "{93E983AE-4BED-4E27-8A06-AED6354A58D3}"
EndProject
Project("{FAE04EC0-301F-11D3-BF4B-00C04F79EFBC}") = "TelnetTest", "..\TelnetTest\TelnetTest.csproj", "{D0856932-CA53-466B-A055-4D59FEFA800D}"
EndProject
Project("{FAE04EC0-301F-11D3-BF4B-00C04F79EFBC}") = "MudClient", "..\MudClient\MudClient.csproj", "{FD750560-C455-42AC-A33A-88F3D321026C}"
EndProject
Project("{FAE04EC0-301F-11D3-BF4B-00C04F79EFBC}") = "SocketClient", "..\SocketClient\SocketClient.csproj", "{C366FEF9-0B19-43E9-AA7E-562C10A0356A}"
EndProject
Project("{FAE04EC0-301F-11D3-BF4B-00C04F79EFBC}") = "SocketServer", "..\SocketServer\SocketServer.csproj", "{207A8C43-BAAD-4174-9B82-1A53AA510FB0}"
EndProject
Global
	GlobalSection(SolutionConfigurationPlatforms) = preSolution
		Debug|Any CPU = Debug|Any CPU
		Release|Any CPU = Release|Any CPU
	EndGlobalSection
	GlobalSection(ProjectConfigurationPlatforms) = postSolution
		{93E983AE-4BED-4E27-8A06-AED6354A58D3}.Debug|Any CPU.ActiveCfg = Debug|Any CPU
		{93E983AE-4BED-4E27-8A06-AED6354A58D3}.Debug|Any CPU.Build.0 = Debug|Any CPU
		{93E983AE-4BED-4E27-8A06-AED6354A58D3}.Release|Any CPU.ActiveCfg = Release|Any CPU
		{93E983AE-4BED-4E27-8A06-AED6354A58D3}.Release|Any CPU.Build.0 = Release|Any CPU
		{D0856932-CA53-466B-A055-4D59FEFA800D}.Debug|Any CPU.ActiveCfg = Debug|Any CPU
		{D0856932-CA53-466B-A055-4D59FEFA800D}.Debug|Any CPU.Build.0 = Debug|Any CPU
		{D0856932-CA53-466B-A055-4D59FEFA800D}.Release|Any CPU.ActiveCfg = Release|Any CPU
		{D0856932-CA53-466B-A055-4D59FEFA800D}.Release|Any CPU.Build.0 = Release|Any CPU
		{FD750560-C455-42AC-A33A-88F3D321026C}.Debug|Any CPU.ActiveCfg = Debug|Any CPU
		{FD750560-C455-42AC-A33A-88F3D321026C}.Debug|Any CPU.Build.0 = Debug|Any CPU
		{FD750560-C455-42AC-A33A-88F3D321026C}.Release|Any CPU.ActiveCfg = Release|Any CPU
		{FD750560-C455-42AC-A33A-88F3D321026C}.Release|Any CPU.Build.0 = Release|Any CPU
		{C366FEF9-0B19-43E9-AA7E-562C10A0356A}.Debug|Any CPU.ActiveCfg = Debug|Any CPU
		{C366FEF9-0B19-43E9-AA7E-562C10A0356A}.Debug|Any CPU.Build.0 = Debug|Any CPU
		{C366FEF9-0B19-43E9-AA7E-562C10A0356A}.Release|Any CPU.ActiveCfg = Release|Any CPU
		{C366FEF9-0B19-43E9-AA7E-562C10A0356A}.Release|Any CPU.Build.0 = Release|Any CPU
		{207A8C43-BAAD-4174-9B82-1A53AA510FB0}.Debug|Any CPU.ActiveCfg = Debug|Any CPU
		{207A8C43-BAAD-4174-9B82-1A53AA510FB0}.Debug|Any CPU.Build.0 = Debug|Any CPU
		{207A8C43-BAAD-4174-9B82-1A53AA510FB0}.Release|Any CPU.ActiveCfg = Release|Any CPU
		{207A8C43-BAAD-4174-9B82-1A53AA510FB0}.Release|Any CPU.Build.0 = Release|Any CPU
	EndGlobalSection
	GlobalSection(SolutionProperties) = preSolution
		HideSolutionNode = FALSE
	EndGlobalSection
	GlobalSection(ExtensibilityGlobals) = postSolution
		SolutionGuid = {242C28B0-59DE-4E35-B42C-513AFF345501}
	EndGlobalSection
EndGlobal
